// !$*UTF8*$!
{
	archiveVersion = 1;
	classes = {
	};
	objectVersion = 48;
	objects = {

/* Begin PBXBuildFile section */
		15140B842445BE81F0378206 /* Pods_Pipe.framework in Frameworks */ = {isa = PBXBuildFile; fileRef = 4265DC94909E5BEE1CC09B38 /* Pods_Pipe.framework */; };
		30CCC9569A0F7970F8EB4AF6 /* Pods_PipeUITests.framework in Frameworks */ = {isa = PBXBuildFile; fileRef = 2E59152F5FCF198571F4F92F /* Pods_PipeUITests.framework */; };
		76CD1015C1377D207A942470 /* Pods_PipeTests.framework in Frameworks */ = {isa = PBXBuildFile; fileRef = 13A16CF6BE9EDAB83DEA5CFA /* Pods_PipeTests.framework */; };
		AB0D577C22F1252400984A1B /* CustomControls.swift in Sources */ = {isa = PBXBuildFile; fileRef = AB0D577B22F1252400984A1B /* CustomControls.swift */; };
		AB0D577F22F17DA000984A1B /* CollectionHolderTableViewCell.swift in Sources */ = {isa = PBXBuildFile; fileRef = AB0D577E22F17DA000984A1B /* CollectionHolderTableViewCell.swift */; };
		AB0D578222F17E1700984A1B /* HorizontalCollectionViewCell.swift in Sources */ = {isa = PBXBuildFile; fileRef = AB0D578122F17E1700984A1B /* HorizontalCollectionViewCell.swift */; };
		AB0D578622F267E600984A1B /* ProfileViewController.swift in Sources */ = {isa = PBXBuildFile; fileRef = AB0D578522F267E600984A1B /* ProfileViewController.swift */; };
		AB0D578A22F2D4F500984A1B /* RecommendedVideosTableViewCell.swift in Sources */ = {isa = PBXBuildFile; fileRef = AB0D578922F2D4F500984A1B /* RecommendedVideosTableViewCell.swift */; };
		AB0D578C22F2D55900984A1B /* RecommendedVideosTableViewController.swift in Sources */ = {isa = PBXBuildFile; fileRef = AB0D578B22F2D55900984A1B /* RecommendedVideosTableViewController.swift */; };
		AB4E23AA22F013180059166E /* VideoTableViewController.swift in Sources */ = {isa = PBXBuildFile; fileRef = AB4E23A922F013180059166E /* VideoTableViewController.swift */; };
		AB4E23AC22F018910059166E /* bulletTrain.mp4 in Resources */ = {isa = PBXBuildFile; fileRef = AB8D9CF022F00F3C00A37C4A /* bulletTrain.mp4 */; };
		AB4E23AD22F018930059166E /* monkey.mp4 in Resources */ = {isa = PBXBuildFile; fileRef = AB8D9CF322F00F3D00A37C4A /* monkey.mp4 */; };
		AB4E23AE22F018960059166E /* newYorkFlip.mp4 in Resources */ = {isa = PBXBuildFile; fileRef = AB8D9CF222F00F3D00A37C4A /* newYorkFlip.mp4 */; };
		AB4E23AF22F018990059166E /* shark.mp4 in Resources */ = {isa = PBXBuildFile; fileRef = AB8D9CF122F00F3C00A37C4A /* shark.mp4 */; };
		AB4E23B522F018FF0059166E /* bulletTrain.png in Resources */ = {isa = PBXBuildFile; fileRef = AB4E23B022F018FE0059166E /* bulletTrain.png */; };
		AB4E23B622F018FF0059166E /* monkey.png in Resources */ = {isa = PBXBuildFile; fileRef = AB4E23B122F018FE0059166E /* monkey.png */; };
		AB4E23B722F018FF0059166E /* foxVillage.png in Resources */ = {isa = PBXBuildFile; fileRef = AB4E23B222F018FE0059166E /* foxVillage.png */; };
		AB4E23B822F018FF0059166E /* newYorkFlip.png in Resources */ = {isa = PBXBuildFile; fileRef = AB4E23B322F018FF0059166E /* newYorkFlip.png */; };
		AB4E23B922F018FF0059166E /* shark.png in Resources */ = {isa = PBXBuildFile; fileRef = AB4E23B422F018FF0059166E /* shark.png */; };
		AB4E23BB22F029DC0059166E /* SignInViewController.swift in Sources */ = {isa = PBXBuildFile; fileRef = AB4E23BA22F029DC0059166E /* SignInViewController.swift */; };
		AB4E23BD22F0394C0059166E /* VideoViewController.swift in Sources */ = {isa = PBXBuildFile; fileRef = AB4E23BC22F0394C0059166E /* VideoViewController.swift */; };
		AB7208E522F0030F00F2913D /* AppDelegate.swift in Sources */ = {isa = PBXBuildFile; fileRef = AB7208E422F0030F00F2913D /* AppDelegate.swift */; };
		AB7208EA22F0030F00F2913D /* Main.storyboard in Resources */ = {isa = PBXBuildFile; fileRef = AB7208E822F0030F00F2913D /* Main.storyboard */; };
		AB7208ED22F0030F00F2913D /* Pipe.xcdatamodeld in Sources */ = {isa = PBXBuildFile; fileRef = AB7208EB22F0030F00F2913D /* Pipe.xcdatamodeld */; };
		AB7208EF22F0030F00F2913D /* Assets.xcassets in Resources */ = {isa = PBXBuildFile; fileRef = AB7208EE22F0030F00F2913D /* Assets.xcassets */; };
		AB7208F222F0030F00F2913D /* LaunchScreen.storyboard in Resources */ = {isa = PBXBuildFile; fileRef = AB7208F022F0030F00F2913D /* LaunchScreen.storyboard */; };
		AB7208FD22F0030F00F2913D /* PipeTests.swift in Sources */ = {isa = PBXBuildFile; fileRef = AB7208FC22F0030F00F2913D /* PipeTests.swift */; };
		AB72090822F0030F00F2913D /* PipeUITests.swift in Sources */ = {isa = PBXBuildFile; fileRef = AB72090722F0030F00F2913D /* PipeUITests.swift */; };
		AB72091D22F00B1B00F2913D /* VideoLooperView.swift in Sources */ = {isa = PBXBuildFile; fileRef = AB72091A22F00B1A00F2913D /* VideoLooperView.swift */; };
		AB72091E22F00B1B00F2913D /* VideoPlayerView.swift in Sources */ = {isa = PBXBuildFile; fileRef = AB72091B22F00B1A00F2913D /* VideoPlayerView.swift */; };
		AB8D9CE922F00EC100A37C4A /* Video.swift in Sources */ = {isa = PBXBuildFile; fileRef = AB8D9CE822F00EC100A37C4A /* Video.swift */; };
		AB8D9CEB22F00ECF00A37C4A /* VideoClip.swift in Sources */ = {isa = PBXBuildFile; fileRef = AB8D9CEA22F00ECF00A37C4A /* VideoClip.swift */; };
		AB8D9CEE22F00EE200A37C4A /* VideoTableViewCell.swift in Sources */ = {isa = PBXBuildFile; fileRef = AB8D9CEC22F00EE200A37C4A /* VideoTableViewCell.swift */; };
		AB8D9CEF22F00EE200A37C4A /* Layouts.swift in Sources */ = {isa = PBXBuildFile; fileRef = AB8D9CED22F00EE200A37C4A /* Layouts.swift */; };
/* End PBXBuildFile section */

/* Begin PBXContainerItemProxy section */
		AB7208F922F0030F00F2913D /* PBXContainerItemProxy */ = {
			isa = PBXContainerItemProxy;
			containerPortal = AB7208D922F0030F00F2913D /* Project object */;
			proxyType = 1;
			remoteGlobalIDString = AB7208E022F0030F00F2913D;
			remoteInfo = Pipe;
		};
		AB72090422F0030F00F2913D /* PBXContainerItemProxy */ = {
			isa = PBXContainerItemProxy;
			containerPortal = AB7208D922F0030F00F2913D /* Project object */;
			proxyType = 1;
			remoteGlobalIDString = AB7208E022F0030F00F2913D;
			remoteInfo = Pipe;
		};
/* End PBXContainerItemProxy section */

/* Begin PBXFileReference section */
		13A16CF6BE9EDAB83DEA5CFA /* Pods_PipeTests.framework */ = {isa = PBXFileReference; explicitFileType = wrapper.framework; includeInIndex = 0; path = Pods_PipeTests.framework; sourceTree = BUILT_PRODUCTS_DIR; };
		2E59152F5FCF198571F4F92F /* Pods_PipeUITests.framework */ = {isa = PBXFileReference; explicitFileType = wrapper.framework; includeInIndex = 0; path = Pods_PipeUITests.framework; sourceTree = BUILT_PRODUCTS_DIR; };
		4265DC94909E5BEE1CC09B38 /* Pods_Pipe.framework */ = {isa = PBXFileReference; explicitFileType = wrapper.framework; includeInIndex = 0; path = Pods_Pipe.framework; sourceTree = BUILT_PRODUCTS_DIR; };
		778258A91D901A545A9E999F /* Pods-PipeTests.release.xcconfig */ = {isa = PBXFileReference; includeInIndex = 1; lastKnownFileType = text.xcconfig; name = "Pods-PipeTests.release.xcconfig"; path = "Target Support Files/Pods-PipeTests/Pods-PipeTests.release.xcconfig"; sourceTree = "<group>"; };
		838E971FE672AD7B691DB802 /* Pods-Pipe.release.xcconfig */ = {isa = PBXFileReference; includeInIndex = 1; lastKnownFileType = text.xcconfig; name = "Pods-Pipe.release.xcconfig"; path = "Target Support Files/Pods-Pipe/Pods-Pipe.release.xcconfig"; sourceTree = "<group>"; };
		AAA5E5677A3890B4B643BE25 /* Pods-PipeUITests.debug.xcconfig */ = {isa = PBXFileReference; includeInIndex = 1; lastKnownFileType = text.xcconfig; name = "Pods-PipeUITests.debug.xcconfig"; path = "Target Support Files/Pods-PipeUITests/Pods-PipeUITests.debug.xcconfig"; sourceTree = "<group>"; };
		AB0D577B22F1252400984A1B /* CustomControls.swift */ = {isa = PBXFileReference; lastKnownFileType = sourcecode.swift; path = CustomControls.swift; sourceTree = "<group>"; };
		AB0D577E22F17DA000984A1B /* CollectionHolderTableViewCell.swift */ = {isa = PBXFileReference; lastKnownFileType = sourcecode.swift; path = CollectionHolderTableViewCell.swift; sourceTree = "<group>"; };
		AB0D578122F17E1700984A1B /* HorizontalCollectionViewCell.swift */ = {isa = PBXFileReference; lastKnownFileType = sourcecode.swift; path = HorizontalCollectionViewCell.swift; sourceTree = "<group>"; };
		AB0D578522F267E600984A1B /* ProfileViewController.swift */ = {isa = PBXFileReference; lastKnownFileType = sourcecode.swift; path = ProfileViewController.swift; sourceTree = "<group>"; };
		AB0D578922F2D4F500984A1B /* RecommendedVideosTableViewCell.swift */ = {isa = PBXFileReference; lastKnownFileType = sourcecode.swift; path = RecommendedVideosTableViewCell.swift; sourceTree = "<group>"; };
		AB0D578B22F2D55900984A1B /* RecommendedVideosTableViewController.swift */ = {isa = PBXFileReference; lastKnownFileType = sourcecode.swift; path = RecommendedVideosTableViewController.swift; sourceTree = "<group>"; };
		AB4E23A922F013180059166E /* VideoTableViewController.swift */ = {isa = PBXFileReference; lastKnownFileType = sourcecode.swift; path = VideoTableViewController.swift; sourceTree = "<group>"; };
		AB4E23B022F018FE0059166E /* bulletTrain.png */ = {isa = PBXFileReference; lastKnownFileType = image.png; path = bulletTrain.png; sourceTree = "<group>"; };
		AB4E23B122F018FE0059166E /* monkey.png */ = {isa = PBXFileReference; lastKnownFileType = image.png; path = monkey.png; sourceTree = "<group>"; };
		AB4E23B222F018FE0059166E /* foxVillage.png */ = {isa = PBXFileReference; lastKnownFileType = image.png; path = foxVillage.png; sourceTree = "<group>"; };
		AB4E23B322F018FF0059166E /* newYorkFlip.png */ = {isa = PBXFileReference; lastKnownFileType = image.png; path = newYorkFlip.png; sourceTree = "<group>"; };
		AB4E23B422F018FF0059166E /* shark.png */ = {isa = PBXFileReference; lastKnownFileType = image.png; path = shark.png; sourceTree = "<group>"; };
		AB4E23BA22F029DC0059166E /* SignInViewController.swift */ = {isa = PBXFileReference; lastKnownFileType = sourcecode.swift; path = SignInViewController.swift; sourceTree = "<group>"; };
		AB4E23BC22F0394C0059166E /* VideoViewController.swift */ = {isa = PBXFileReference; lastKnownFileType = sourcecode.swift; path = VideoViewController.swift; sourceTree = "<group>"; };
		AB7208E122F0030F00F2913D /* Pipe.app */ = {isa = PBXFileReference; explicitFileType = wrapper.application; includeInIndex = 0; path = Pipe.app; sourceTree = BUILT_PRODUCTS_DIR; };
		AB7208E422F0030F00F2913D /* AppDelegate.swift */ = {isa = PBXFileReference; lastKnownFileType = sourcecode.swift; path = AppDelegate.swift; sourceTree = "<group>"; };
		AB7208E922F0030F00F2913D /* Base */ = {isa = PBXFileReference; lastKnownFileType = file.storyboard; name = Base; path = Base.lproj/Main.storyboard; sourceTree = "<group>"; };
		AB7208EC22F0030F00F2913D /* Pipe.xcdatamodel */ = {isa = PBXFileReference; lastKnownFileType = wrapper.xcdatamodel; path = Pipe.xcdatamodel; sourceTree = "<group>"; };
		AB7208EE22F0030F00F2913D /* Assets.xcassets */ = {isa = PBXFileReference; lastKnownFileType = folder.assetcatalog; path = Assets.xcassets; sourceTree = "<group>"; };
		AB7208F122F0030F00F2913D /* Base */ = {isa = PBXFileReference; lastKnownFileType = file.storyboard; name = Base; path = Base.lproj/LaunchScreen.storyboard; sourceTree = "<group>"; };
		AB7208F322F0030F00F2913D /* Info.plist */ = {isa = PBXFileReference; lastKnownFileType = text.plist.xml; path = Info.plist; sourceTree = "<group>"; };
		AB7208F822F0030F00F2913D /* PipeTests.xctest */ = {isa = PBXFileReference; explicitFileType = wrapper.cfbundle; includeInIndex = 0; path = PipeTests.xctest; sourceTree = BUILT_PRODUCTS_DIR; };
		AB7208FC22F0030F00F2913D /* PipeTests.swift */ = {isa = PBXFileReference; lastKnownFileType = sourcecode.swift; path = PipeTests.swift; sourceTree = "<group>"; };
		AB7208FE22F0030F00F2913D /* Info.plist */ = {isa = PBXFileReference; lastKnownFileType = text.plist.xml; path = Info.plist; sourceTree = "<group>"; };
		AB72090322F0030F00F2913D /* PipeUITests.xctest */ = {isa = PBXFileReference; explicitFileType = wrapper.cfbundle; includeInIndex = 0; path = PipeUITests.xctest; sourceTree = BUILT_PRODUCTS_DIR; };
		AB72090722F0030F00F2913D /* PipeUITests.swift */ = {isa = PBXFileReference; lastKnownFileType = sourcecode.swift; path = PipeUITests.swift; sourceTree = "<group>"; };
		AB72090922F0030F00F2913D /* Info.plist */ = {isa = PBXFileReference; lastKnownFileType = text.plist.xml; path = Info.plist; sourceTree = "<group>"; };
		AB72091A22F00B1A00F2913D /* VideoLooperView.swift */ = {isa = PBXFileReference; fileEncoding = 4; lastKnownFileType = sourcecode.swift; path = VideoLooperView.swift; sourceTree = "<group>"; };
		AB72091B22F00B1A00F2913D /* VideoPlayerView.swift */ = {isa = PBXFileReference; fileEncoding = 4; lastKnownFileType = sourcecode.swift; path = VideoPlayerView.swift; sourceTree = "<group>"; };
		AB8D9CE822F00EC100A37C4A /* Video.swift */ = {isa = PBXFileReference; lastKnownFileType = sourcecode.swift; path = Video.swift; sourceTree = "<group>"; };
		AB8D9CEA22F00ECF00A37C4A /* VideoClip.swift */ = {isa = PBXFileReference; lastKnownFileType = sourcecode.swift; path = VideoClip.swift; sourceTree = "<group>"; };
		AB8D9CEC22F00EE200A37C4A /* VideoTableViewCell.swift */ = {isa = PBXFileReference; lastKnownFileType = sourcecode.swift; path = VideoTableViewCell.swift; sourceTree = "<group>"; };
		AB8D9CED22F00EE200A37C4A /* Layouts.swift */ = {isa = PBXFileReference; lastKnownFileType = sourcecode.swift; path = Layouts.swift; sourceTree = "<group>"; };
		AB8D9CF022F00F3C00A37C4A /* bulletTrain.mp4 */ = {isa = PBXFileReference; lastKnownFileType = file; path = bulletTrain.mp4; sourceTree = "<group>"; };
		AB8D9CF122F00F3C00A37C4A /* shark.mp4 */ = {isa = PBXFileReference; lastKnownFileType = file; path = shark.mp4; sourceTree = "<group>"; };
		AB8D9CF222F00F3D00A37C4A /* newYorkFlip.mp4 */ = {isa = PBXFileReference; lastKnownFileType = file; path = newYorkFlip.mp4; sourceTree = "<group>"; };
		AB8D9CF322F00F3D00A37C4A /* monkey.mp4 */ = {isa = PBXFileReference; lastKnownFileType = file; path = monkey.mp4; sourceTree = "<group>"; };
		BA8AC051F714F265ABACBD1E /* Pods-PipeTests.debug.xcconfig */ = {isa = PBXFileReference; includeInIndex = 1; lastKnownFileType = text.xcconfig; name = "Pods-PipeTests.debug.xcconfig"; path = "Target Support Files/Pods-PipeTests/Pods-PipeTests.debug.xcconfig"; sourceTree = "<group>"; };
		D88479A27BAFB62FA905C22C /* Pods-Pipe.debug.xcconfig */ = {isa = PBXFileReference; includeInIndex = 1; lastKnownFileType = text.xcconfig; name = "Pods-Pipe.debug.xcconfig"; path = "Target Support Files/Pods-Pipe/Pods-Pipe.debug.xcconfig"; sourceTree = "<group>"; };
		F8C58DB2DBEBDD37C305F526 /* Pods-PipeUITests.release.xcconfig */ = {isa = PBXFileReference; includeInIndex = 1; lastKnownFileType = text.xcconfig; name = "Pods-PipeUITests.release.xcconfig"; path = "Target Support Files/Pods-PipeUITests/Pods-PipeUITests.release.xcconfig"; sourceTree = "<group>"; };
/* End PBXFileReference section */

/* Begin PBXFrameworksBuildPhase section */
		AB7208DE22F0030F00F2913D /* Frameworks */ = {
			isa = PBXFrameworksBuildPhase;
			buildActionMask = 2147483647;
			files = (
				15140B842445BE81F0378206 /* Pods_Pipe.framework in Frameworks */,
			);
			runOnlyForDeploymentPostprocessing = 0;
		};
		AB7208F522F0030F00F2913D /* Frameworks */ = {
			isa = PBXFrameworksBuildPhase;
			buildActionMask = 2147483647;
			files = (
				76CD1015C1377D207A942470 /* Pods_PipeTests.framework in Frameworks */,
			);
			runOnlyForDeploymentPostprocessing = 0;
		};
		AB72090022F0030F00F2913D /* Frameworks */ = {
			isa = PBXFrameworksBuildPhase;
			buildActionMask = 2147483647;
			files = (
				30CCC9569A0F7970F8EB4AF6 /* Pods_PipeUITests.framework in Frameworks */,
			);
			runOnlyForDeploymentPostprocessing = 0;
		};
/* End PBXFrameworksBuildPhase section */

/* Begin PBXGroup section */
		225789D2C1E763E93E58AA2A /* Frameworks */ = {
			isa = PBXGroup;
			children = (
				4265DC94909E5BEE1CC09B38 /* Pods_Pipe.framework */,
				13A16CF6BE9EDAB83DEA5CFA /* Pods_PipeTests.framework */,
				2E59152F5FCF198571F4F92F /* Pods_PipeUITests.framework */,
			);
			name = Frameworks;
			sourceTree = "<group>";
		};
		AB0D577D22F17D7A00984A1B /* DataFiles */ = {
			isa = PBXGroup;
			children = (
				AB8D9CF022F00F3C00A37C4A /* bulletTrain.mp4 */,
				AB8D9CF322F00F3D00A37C4A /* monkey.mp4 */,
				AB8D9CF222F00F3D00A37C4A /* newYorkFlip.mp4 */,
				AB8D9CF122F00F3C00A37C4A /* shark.mp4 */,
				AB4E23B022F018FE0059166E /* bulletTrain.png */,
				AB4E23B222F018FE0059166E /* foxVillage.png */,
				AB4E23B122F018FE0059166E /* monkey.png */,
				AB4E23B322F018FF0059166E /* newYorkFlip.png */,
				AB4E23B422F018FF0059166E /* shark.png */,
			);
			path = DataFiles;
			sourceTree = "<group>";
		};
		AB0D578022F17DB500984A1B /* HorizontalTableView */ = {
			isa = PBXGroup;
			children = (
				AB0D577E22F17DA000984A1B /* CollectionHolderTableViewCell.swift */,
				AB0D578122F17E1700984A1B /* HorizontalCollectionViewCell.swift */,
			);
			path = HorizontalTableView;
			sourceTree = "<group>";
		};
		AB0D578722F26E3300984A1B /* LoginFiles */ = {
			isa = PBXGroup;
			children = (
				AB4E23BA22F029DC0059166E /* SignInViewController.swift */,
				AB0D578522F267E600984A1B /* ProfileViewController.swift */,
			);
			path = LoginFiles;
			sourceTree = "<group>";
		};
		AB0D578822F2D4D900984A1B /* Recommended Videos */ = {
			isa = PBXGroup;
			children = (
				AB0D578B22F2D55900984A1B /* RecommendedVideosTableViewController.swift */,
				AB0D578922F2D4F500984A1B /* RecommendedVideosTableViewCell.swift */,
			);
			path = "Recommended Videos";
			sourceTree = "<group>";
		};
		AB4E23AB22F013250059166E /* ImportedFiles */ = {
			isa = PBXGroup;
			children = (
				AB72091A22F00B1A00F2913D /* VideoLooperView.swift */,
				AB72091B22F00B1A00F2913D /* VideoPlayerView.swift */,
				AB8D9CED22F00EE200A37C4A /* Layouts.swift */,
				AB8D9CEC22F00EE200A37C4A /* VideoTableViewCell.swift */,
				AB8D9CEA22F00ECF00A37C4A /* VideoClip.swift */,
				AB8D9CE822F00EC100A37C4A /* Video.swift */,
			);
			path = ImportedFiles;
			sourceTree = "<group>";
		};
		AB7208D822F0030F00F2913D = {
			isa = PBXGroup;
			children = (
				AB7208E322F0030F00F2913D /* Pipe */,
				AB7208FB22F0030F00F2913D /* PipeTests */,
				AB72090622F0030F00F2913D /* PipeUITests */,
				AB7208E222F0030F00F2913D /* Products */,
				B4B57865A71981586F85CFAC /* Pods */,
				225789D2C1E763E93E58AA2A /* Frameworks */,
			);
			sourceTree = "<group>";
		};
		AB7208E222F0030F00F2913D /* Products */ = {
			isa = PBXGroup;
			children = (
				AB7208E122F0030F00F2913D /* Pipe.app */,
				AB7208F822F0030F00F2913D /* PipeTests.xctest */,
				AB72090322F0030F00F2913D /* PipeUITests.xctest */,
			);
			name = Products;
			sourceTree = "<group>";
		};
		AB7208E322F0030F00F2913D /* Pipe */ = {
			isa = PBXGroup;
			children = (
				AB7208E422F0030F00F2913D /* AppDelegate.swift */,
				AB0D578822F2D4D900984A1B /* Recommended Videos */,
				AB0D578722F26E3300984A1B /* LoginFiles */,
				AB4E23AB22F013250059166E /* ImportedFiles */,
				AB0D577D22F17D7A00984A1B /* DataFiles */,
				AB0D578022F17DB500984A1B /* HorizontalTableView */,
				AB7208E822F0030F00F2913D /* Main.storyboard */,
				AB4E23A922F013180059166E /* VideoTableViewController.swift */,
				AB4E23BC22F0394C0059166E /* VideoViewController.swift */,
				AB0D577B22F1252400984A1B /* CustomControls.swift */,
				AB7208EE22F0030F00F2913D /* Assets.xcassets */,
				AB7208F022F0030F00F2913D /* LaunchScreen.storyboard */,
				AB7208F322F0030F00F2913D /* Info.plist */,
				AB7208EB22F0030F00F2913D /* Pipe.xcdatamodeld */,
			);
			path = Pipe;
			sourceTree = "<group>";
		};
		AB7208FB22F0030F00F2913D /* PipeTests */ = {
			isa = PBXGroup;
			children = (
				AB7208FC22F0030F00F2913D /* PipeTests.swift */,
				AB7208FE22F0030F00F2913D /* Info.plist */,
			);
			path = PipeTests;
			sourceTree = "<group>";
		};
		AB72090622F0030F00F2913D /* PipeUITests */ = {
			isa = PBXGroup;
			children = (
				AB72090722F0030F00F2913D /* PipeUITests.swift */,
				AB72090922F0030F00F2913D /* Info.plist */,
			);
			path = PipeUITests;
			sourceTree = "<group>";
		};
		B4B57865A71981586F85CFAC /* Pods */ = {
			isa = PBXGroup;
			children = (
				D88479A27BAFB62FA905C22C /* Pods-Pipe.debug.xcconfig */,
				838E971FE672AD7B691DB802 /* Pods-Pipe.release.xcconfig */,
				BA8AC051F714F265ABACBD1E /* Pods-PipeTests.debug.xcconfig */,
				778258A91D901A545A9E999F /* Pods-PipeTests.release.xcconfig */,
				AAA5E5677A3890B4B643BE25 /* Pods-PipeUITests.debug.xcconfig */,
				F8C58DB2DBEBDD37C305F526 /* Pods-PipeUITests.release.xcconfig */,
			);
			path = Pods;
			sourceTree = "<group>";
		};
/* End PBXGroup section */

/* Begin PBXNativeTarget section */
		AB7208E022F0030F00F2913D /* Pipe */ = {
			isa = PBXNativeTarget;
			buildConfigurationList = AB72090C22F0030F00F2913D /* Build configuration list for PBXNativeTarget "Pipe" */;
			buildPhases = (
				8A1AE8D73F453E8E62A0133C /* [CP] Check Pods Manifest.lock */,
				AB7208DD22F0030F00F2913D /* Sources */,
				AB7208DE22F0030F00F2913D /* Frameworks */,
				AB7208DF22F0030F00F2913D /* Resources */,
				4202C71D5C5C12ED191B3D52 /* [CP] Embed Pods Frameworks */,
				1844A46430B02F45157D0A1D /* [CP] Copy Pods Resources */,
			);
			buildRules = (
			);
			dependencies = (
			);
			name = Pipe;
			productName = Pipe;
			productReference = AB7208E122F0030F00F2913D /* Pipe.app */;
			productType = "com.apple.product-type.application";
		};
		AB7208F722F0030F00F2913D /* PipeTests */ = {
			isa = PBXNativeTarget;
			buildConfigurationList = AB72090F22F0030F00F2913D /* Build configuration list for PBXNativeTarget "PipeTests" */;
			buildPhases = (
				FF7978D1C751AC86F7A3766C /* [CP] Check Pods Manifest.lock */,
				AB7208F422F0030F00F2913D /* Sources */,
				AB7208F522F0030F00F2913D /* Frameworks */,
				AB7208F622F0030F00F2913D /* Resources */,
			);
			buildRules = (
			);
			dependencies = (
				AB7208FA22F0030F00F2913D /* PBXTargetDependency */,
			);
			name = PipeTests;
			productName = PipeTests;
			productReference = AB7208F822F0030F00F2913D /* PipeTests.xctest */;
			productType = "com.apple.product-type.bundle.unit-test";
		};
		AB72090222F0030F00F2913D /* PipeUITests */ = {
			isa = PBXNativeTarget;
			buildConfigurationList = AB72091222F0030F00F2913D /* Build configuration list for PBXNativeTarget "PipeUITests" */;
			buildPhases = (
				39089F1E54B014B357044667 /* [CP] Check Pods Manifest.lock */,
				AB7208FF22F0030F00F2913D /* Sources */,
				AB72090022F0030F00F2913D /* Frameworks */,
				AB72090122F0030F00F2913D /* Resources */,
			);
			buildRules = (
			);
			dependencies = (
				AB72090522F0030F00F2913D /* PBXTargetDependency */,
			);
			name = PipeUITests;
			productName = PipeUITests;
			productReference = AB72090322F0030F00F2913D /* PipeUITests.xctest */;
			productType = "com.apple.product-type.bundle.ui-testing";
		};
/* End PBXNativeTarget section */

/* Begin PBXProject section */
		AB7208D922F0030F00F2913D /* Project object */ = {
			isa = PBXProject;
			attributes = {
				LastSwiftUpdateCheck = 0920;
				LastUpgradeCheck = 0920;
				ORGANIZATIONNAME = "Daniel Kim";
				TargetAttributes = {
					AB7208E022F0030F00F2913D = {
						CreatedOnToolsVersion = 9.2;
						ProvisioningStyle = Automatic;
					};
					AB7208F722F0030F00F2913D = {
						CreatedOnToolsVersion = 9.2;
						ProvisioningStyle = Automatic;
						TestTargetID = AB7208E022F0030F00F2913D;
					};
					AB72090222F0030F00F2913D = {
						CreatedOnToolsVersion = 9.2;
						ProvisioningStyle = Automatic;
						TestTargetID = AB7208E022F0030F00F2913D;
					};
				};
			};
			buildConfigurationList = AB7208DC22F0030F00F2913D /* Build configuration list for PBXProject "Pipe" */;
			compatibilityVersion = "Xcode 8.0";
			developmentRegion = en;
			hasScannedForEncodings = 0;
			knownRegions = (
				en,
				Base,
			);
			mainGroup = AB7208D822F0030F00F2913D;
			productRefGroup = AB7208E222F0030F00F2913D /* Products */;
			projectDirPath = "";
			projectRoot = "";
			targets = (
				AB7208E022F0030F00F2913D /* Pipe */,
				AB7208F722F0030F00F2913D /* PipeTests */,
				AB72090222F0030F00F2913D /* PipeUITests */,
			);
		};
/* End PBXProject section */

/* Begin PBXResourcesBuildPhase section */
		AB7208DF22F0030F00F2913D /* Resources */ = {
			isa = PBXResourcesBuildPhase;
			buildActionMask = 2147483647;
			files = (
				AB4E23B522F018FF0059166E /* bulletTrain.png in Resources */,
				AB4E23B922F018FF0059166E /* shark.png in Resources */,
				AB4E23AC22F018910059166E /* bulletTrain.mp4 in Resources */,
				AB4E23B722F018FF0059166E /* foxVillage.png in Resources */,
				AB7208F222F0030F00F2913D /* LaunchScreen.storyboard in Resources */,
				AB4E23AE22F018960059166E /* newYorkFlip.mp4 in Resources */,
				AB4E23AD22F018930059166E /* monkey.mp4 in Resources */,
				AB7208EF22F0030F00F2913D /* Assets.xcassets in Resources */,
				AB4E23B622F018FF0059166E /* monkey.png in Resources */,
				AB4E23AF22F018990059166E /* shark.mp4 in Resources */,
				AB4E23B822F018FF0059166E /* newYorkFlip.png in Resources */,
				AB7208EA22F0030F00F2913D /* Main.storyboard in Resources */,
			);
			runOnlyForDeploymentPostprocessing = 0;
		};
		AB7208F622F0030F00F2913D /* Resources */ = {
			isa = PBXResourcesBuildPhase;
			buildActionMask = 2147483647;
			files = (
			);
			runOnlyForDeploymentPostprocessing = 0;
		};
		AB72090122F0030F00F2913D /* Resources */ = {
			isa = PBXResourcesBuildPhase;
			buildActionMask = 2147483647;
			files = (
			);
			runOnlyForDeploymentPostprocessing = 0;
		};
/* End PBXResourcesBuildPhase section */

/* Begin PBXShellScriptBuildPhase section */
		1844A46430B02F45157D0A1D /* [CP] Copy Pods Resources */ = {
			isa = PBXShellScriptBuildPhase;
			buildActionMask = 2147483647;
			files = (
			);
			inputPaths = (
				"${PODS_ROOT}/Target Support Files/Pods-Pipe/Pods-Pipe-resources.sh",
				"${PODS_ROOT}/GoogleSignIn/Resources/GoogleSignIn.bundle",
			);
			name = "[CP] Copy Pods Resources";
			outputPaths = (
				"${TARGET_BUILD_DIR}/${UNLOCALIZED_RESOURCES_FOLDER_PATH}/GoogleSignIn.bundle",
			);
			runOnlyForDeploymentPostprocessing = 0;
			shellPath = /bin/sh;
			shellScript = "\"${PODS_ROOT}/Target Support Files/Pods-Pipe/Pods-Pipe-resources.sh\"\n";
			showEnvVarsInLog = 0;
		};
		39089F1E54B014B357044667 /* [CP] Check Pods Manifest.lock */ = {
			isa = PBXShellScriptBuildPhase;
			buildActionMask = 2147483647;
			files = (
			);
			inputPaths = (
				"${PODS_PODFILE_DIR_PATH}/Podfile.lock",
				"${PODS_ROOT}/Manifest.lock",
			);
			name = "[CP] Check Pods Manifest.lock";
			outputPaths = (
				"$(DERIVED_FILE_DIR)/Pods-PipeUITests-checkManifestLockResult.txt",
			);
			runOnlyForDeploymentPostprocessing = 0;
			shellPath = /bin/sh;
			shellScript = "diff \"${PODS_PODFILE_DIR_PATH}/Podfile.lock\" \"${PODS_ROOT}/Manifest.lock\" > /dev/null\nif [ $? != 0 ] ; then\n    # print error to STDERR\n    echo \"error: The sandbox is not in sync with the Podfile.lock. Run 'pod install' or update your CocoaPods installation.\" >&2\n    exit 1\nfi\n# This output is used by Xcode 'outputs' to avoid re-running this script phase.\necho \"SUCCESS\" > \"${SCRIPT_OUTPUT_FILE_0}\"\n";
			showEnvVarsInLog = 0;
		};
		4202C71D5C5C12ED191B3D52 /* [CP] Embed Pods Frameworks */ = {
			isa = PBXShellScriptBuildPhase;
			buildActionMask = 2147483647;
			files = (
			);
			inputPaths = (
				"${PODS_ROOT}/Target Support Files/Pods-Pipe/Pods-Pipe-frameworks.sh",
				"${BUILT_PRODUCTS_DIR}/GTMOAuth2/GTMOAuth2.framework",
				"${BUILT_PRODUCTS_DIR}/GTMSessionFetcher/GTMSessionFetcher.framework",
				"${BUILT_PRODUCTS_DIR}/GoogleToolboxForMac/GoogleToolboxForMac.framework",
			);
			name = "[CP] Embed Pods Frameworks";
			outputPaths = (
				"${TARGET_BUILD_DIR}/${FRAMEWORKS_FOLDER_PATH}/GTMOAuth2.framework",
				"${TARGET_BUILD_DIR}/${FRAMEWORKS_FOLDER_PATH}/GTMSessionFetcher.framework",
				"${TARGET_BUILD_DIR}/${FRAMEWORKS_FOLDER_PATH}/GoogleToolboxForMac.framework",
			);
			runOnlyForDeploymentPostprocessing = 0;
			shellPath = /bin/sh;
			shellScript = "\"${PODS_ROOT}/Target Support Files/Pods-Pipe/Pods-Pipe-frameworks.sh\"\n";
			showEnvVarsInLog = 0;
		};
		8A1AE8D73F453E8E62A0133C /* [CP] Check Pods Manifest.lock */ = {
			isa = PBXShellScriptBuildPhase;
			buildActionMask = 2147483647;
			files = (
			);
			inputPaths = (
				"${PODS_PODFILE_DIR_PATH}/Podfile.lock",
				"${PODS_ROOT}/Manifest.lock",
			);
			name = "[CP] Check Pods Manifest.lock";
			outputPaths = (
				"$(DERIVED_FILE_DIR)/Pods-Pipe-checkManifestLockResult.txt",
			);
			runOnlyForDeploymentPostprocessing = 0;
			shellPath = /bin/sh;
			shellScript = "diff \"${PODS_PODFILE_DIR_PATH}/Podfile.lock\" \"${PODS_ROOT}/Manifest.lock\" > /dev/null\nif [ $? != 0 ] ; then\n    # print error to STDERR\n    echo \"error: The sandbox is not in sync with the Podfile.lock. Run 'pod install' or update your CocoaPods installation.\" >&2\n    exit 1\nfi\n# This output is used by Xcode 'outputs' to avoid re-running this script phase.\necho \"SUCCESS\" > \"${SCRIPT_OUTPUT_FILE_0}\"\n";
			showEnvVarsInLog = 0;
		};
		FF7978D1C751AC86F7A3766C /* [CP] Check Pods Manifest.lock */ = {
			isa = PBXShellScriptBuildPhase;
			buildActionMask = 2147483647;
			files = (
			);
			inputPaths = (
				"${PODS_PODFILE_DIR_PATH}/Podfile.lock",
				"${PODS_ROOT}/Manifest.lock",
			);
			name = "[CP] Check Pods Manifest.lock";
			outputPaths = (
				"$(DERIVED_FILE_DIR)/Pods-PipeTests-checkManifestLockResult.txt",
			);
			runOnlyForDeploymentPostprocessing = 0;
			shellPath = /bin/sh;
			shellScript = "diff \"${PODS_PODFILE_DIR_PATH}/Podfile.lock\" \"${PODS_ROOT}/Manifest.lock\" > /dev/null\nif [ $? != 0 ] ; then\n    # print error to STDERR\n    echo \"error: The sandbox is not in sync with the Podfile.lock. Run 'pod install' or update your CocoaPods installation.\" >&2\n    exit 1\nfi\n# This output is used by Xcode 'outputs' to avoid re-running this script phase.\necho \"SUCCESS\" > \"${SCRIPT_OUTPUT_FILE_0}\"\n";
			showEnvVarsInLog = 0;
		};
/* End PBXShellScriptBuildPhase section */

/* Begin PBXSourcesBuildPhase section */
		AB7208DD22F0030F00F2913D /* Sources */ = {
			isa = PBXSourcesBuildPhase;
			buildActionMask = 2147483647;
			files = (
				AB4E23BB22F029DC0059166E /* SignInViewController.swift in Sources */,
				AB0D577F22F17DA000984A1B /* CollectionHolderTableViewCell.swift in Sources */,
				AB0D578222F17E1700984A1B /* HorizontalCollectionViewCell.swift in Sources */,
				AB4E23AA22F013180059166E /* VideoTableViewController.swift in Sources */,
				AB8D9CEB22F00ECF00A37C4A /* VideoClip.swift in Sources */,
				AB72091D22F00B1B00F2913D /* VideoLooperView.swift in Sources */,
				AB7208ED22F0030F00F2913D /* Pipe.xcdatamodeld in Sources */,
				AB7208E522F0030F00F2913D /* AppDelegate.swift in Sources */,
				AB4E23BD22F0394C0059166E /* VideoViewController.swift in Sources */,
				AB8D9CE922F00EC100A37C4A /* Video.swift in Sources */,
				AB8D9CEF22F00EE200A37C4A /* Layouts.swift in Sources */,
				AB72091E22F00B1B00F2913D /* VideoPlayerView.swift in Sources */,
				AB0D578622F267E600984A1B /* ProfileViewController.swift in Sources */,
				AB0D578C22F2D55900984A1B /* RecommendedVideosTableViewController.swift in Sources */,
				AB0D577C22F1252400984A1B /* CustomControls.swift in Sources */,
				AB8D9CEE22F00EE200A37C4A /* VideoTableViewCell.swift in Sources */,
				AB0D578A22F2D4F500984A1B /* RecommendedVideosTableViewCell.swift in Sources */,
			);
			runOnlyForDeploymentPostprocessing = 0;
		};
		AB7208F422F0030F00F2913D /* Sources */ = {
			isa = PBXSourcesBuildPhase;
			buildActionMask = 2147483647;
			files = (
				AB7208FD22F0030F00F2913D /* PipeTests.swift in Sources */,
			);
			runOnlyForDeploymentPostprocessing = 0;
		};
		AB7208FF22F0030F00F2913D /* Sources */ = {
			isa = PBXSourcesBuildPhase;
			buildActionMask = 2147483647;
			files = (
				AB72090822F0030F00F2913D /* PipeUITests.swift in Sources */,
			);
			runOnlyForDeploymentPostprocessing = 0;
		};
/* End PBXSourcesBuildPhase section */

/* Begin PBXTargetDependency section */
		AB7208FA22F0030F00F2913D /* PBXTargetDependency */ = {
			isa = PBXTargetDependency;
			target = AB7208E022F0030F00F2913D /* Pipe */;
			targetProxy = AB7208F922F0030F00F2913D /* PBXContainerItemProxy */;
		};
		AB72090522F0030F00F2913D /* PBXTargetDependency */ = {
			isa = PBXTargetDependency;
			target = AB7208E022F0030F00F2913D /* Pipe */;
			targetProxy = AB72090422F0030F00F2913D /* PBXContainerItemProxy */;
		};
/* End PBXTargetDependency section */

/* Begin PBXVariantGroup section */
		AB7208E822F0030F00F2913D /* Main.storyboard */ = {
			isa = PBXVariantGroup;
			children = (
				AB7208E922F0030F00F2913D /* Base */,
			);
			name = Main.storyboard;
			sourceTree = "<group>";
		};
		AB7208F022F0030F00F2913D /* LaunchScreen.storyboard */ = {
			isa = PBXVariantGroup;
			children = (
				AB7208F122F0030F00F2913D /* Base */,
			);
			name = LaunchScreen.storyboard;
			sourceTree = "<group>";
		};
/* End PBXVariantGroup section */

/* Begin XCBuildConfiguration section */
		AB72090A22F0030F00F2913D /* Debug */ = {
			isa = XCBuildConfiguration;
			buildSettings = {
				ALWAYS_SEARCH_USER_PATHS = NO;
				CLANG_ANALYZER_NONNULL = YES;
				CLANG_ANALYZER_NUMBER_OBJECT_CONVERSION = YES_AGGRESSIVE;
				CLANG_CXX_LANGUAGE_STANDARD = "gnu++14";
				CLANG_CXX_LIBRARY = "libc++";
				CLANG_ENABLE_MODULES = YES;
				CLANG_ENABLE_OBJC_ARC = YES;
				CLANG_WARN_BLOCK_CAPTURE_AUTORELEASING = YES;
				CLANG_WARN_BOOL_CONVERSION = YES;
				CLANG_WARN_COMMA = YES;
				CLANG_WARN_CONSTANT_CONVERSION = YES;
				CLANG_WARN_DIRECT_OBJC_ISA_USAGE = YES_ERROR;
				CLANG_WARN_DOCUMENTATION_COMMENTS = YES;
				CLANG_WARN_EMPTY_BODY = YES;
				CLANG_WARN_ENUM_CONVERSION = YES;
				CLANG_WARN_INFINITE_RECURSION = YES;
				CLANG_WARN_INT_CONVERSION = YES;
				CLANG_WARN_NON_LITERAL_NULL_CONVERSION = YES;
				CLANG_WARN_OBJC_LITERAL_CONVERSION = YES;
				CLANG_WARN_OBJC_ROOT_CLASS = YES_ERROR;
				CLANG_WARN_RANGE_LOOP_ANALYSIS = YES;
				CLANG_WARN_STRICT_PROTOTYPES = YES;
				CLANG_WARN_SUSPICIOUS_MOVE = YES;
				CLANG_WARN_UNGUARDED_AVAILABILITY = YES_AGGRESSIVE;
				CLANG_WARN_UNREACHABLE_CODE = YES;
				CLANG_WARN__DUPLICATE_METHOD_MATCH = YES;
				CODE_SIGN_IDENTITY = "iPhone Developer";
				COPY_PHASE_STRIP = NO;
				DEBUG_INFORMATION_FORMAT = dwarf;
				ENABLE_STRICT_OBJC_MSGSEND = YES;
				ENABLE_TESTABILITY = YES;
				GCC_C_LANGUAGE_STANDARD = gnu11;
				GCC_DYNAMIC_NO_PIC = NO;
				GCC_NO_COMMON_BLOCKS = YES;
				GCC_OPTIMIZATION_LEVEL = 0;
				GCC_PREPROCESSOR_DEFINITIONS = (
					"DEBUG=1",
					"$(inherited)",
				);
				GCC_WARN_64_TO_32_BIT_CONVERSION = YES;
				GCC_WARN_ABOUT_RETURN_TYPE = YES_ERROR;
				GCC_WARN_UNDECLARED_SELECTOR = YES;
				GCC_WARN_UNINITIALIZED_AUTOS = YES_AGGRESSIVE;
				GCC_WARN_UNUSED_FUNCTION = YES;
				GCC_WARN_UNUSED_VARIABLE = YES;
				IPHONEOS_DEPLOYMENT_TARGET = 11.2;
				MTL_ENABLE_DEBUG_INFO = YES;
				ONLY_ACTIVE_ARCH = YES;
				SDKROOT = iphoneos;
				SWIFT_ACTIVE_COMPILATION_CONDITIONS = DEBUG;
				SWIFT_OPTIMIZATION_LEVEL = "-Onone";
			};
			name = Debug;
		};
		AB72090B22F0030F00F2913D /* Release */ = {
			isa = XCBuildConfiguration;
			buildSettings = {
				ALWAYS_SEARCH_USER_PATHS = NO;
				CLANG_ANALYZER_NONNULL = YES;
				CLANG_ANALYZER_NUMBER_OBJECT_CONVERSION = YES_AGGRESSIVE;
				CLANG_CXX_LANGUAGE_STANDARD = "gnu++14";
				CLANG_CXX_LIBRARY = "libc++";
				CLANG_ENABLE_MODULES = YES;
				CLANG_ENABLE_OBJC_ARC = YES;
				CLANG_WARN_BLOCK_CAPTURE_AUTORELEASING = YES;
				CLANG_WARN_BOOL_CONVERSION = YES;
				CLANG_WARN_COMMA = YES;
				CLANG_WARN_CONSTANT_CONVERSION = YES;
				CLANG_WARN_DIRECT_OBJC_ISA_USAGE = YES_ERROR;
				CLANG_WARN_DOCUMENTATION_COMMENTS = YES;
				CLANG_WARN_EMPTY_BODY = YES;
				CLANG_WARN_ENUM_CONVERSION = YES;
				CLANG_WARN_INFINITE_RECURSION = YES;
				CLANG_WARN_INT_CONVERSION = YES;
				CLANG_WARN_NON_LITERAL_NULL_CONVERSION = YES;
				CLANG_WARN_OBJC_LITERAL_CONVERSION = YES;
				CLANG_WARN_OBJC_ROOT_CLASS = YES_ERROR;
				CLANG_WARN_RANGE_LOOP_ANALYSIS = YES;
				CLANG_WARN_STRICT_PROTOTYPES = YES;
				CLANG_WARN_SUSPICIOUS_MOVE = YES;
				CLANG_WARN_UNGUARDED_AVAILABILITY = YES_AGGRESSIVE;
				CLANG_WARN_UNREACHABLE_CODE = YES;
				CLANG_WARN__DUPLICATE_METHOD_MATCH = YES;
				CODE_SIGN_IDENTITY = "iPhone Developer";
				COPY_PHASE_STRIP = NO;
				DEBUG_INFORMATION_FORMAT = "dwarf-with-dsym";
				ENABLE_NS_ASSERTIONS = NO;
				ENABLE_STRICT_OBJC_MSGSEND = YES;
				GCC_C_LANGUAGE_STANDARD = gnu11;
				GCC_NO_COMMON_BLOCKS = YES;
				GCC_WARN_64_TO_32_BIT_CONVERSION = YES;
				GCC_WARN_ABOUT_RETURN_TYPE = YES_ERROR;
				GCC_WARN_UNDECLARED_SELECTOR = YES;
				GCC_WARN_UNINITIALIZED_AUTOS = YES_AGGRESSIVE;
				GCC_WARN_UNUSED_FUNCTION = YES;
				GCC_WARN_UNUSED_VARIABLE = YES;
				IPHONEOS_DEPLOYMENT_TARGET = 11.2;
				MTL_ENABLE_DEBUG_INFO = NO;
				SDKROOT = iphoneos;
				SWIFT_OPTIMIZATION_LEVEL = "-Owholemodule";
				VALIDATE_PRODUCT = YES;
			};
			name = Release;
		};
		AB72090D22F0030F00F2913D /* Debug */ = {
			isa = XCBuildConfiguration;
			baseConfigurationReference = D88479A27BAFB62FA905C22C /* Pods-Pipe.debug.xcconfig */;
			buildSettings = {
				ASSETCATALOG_COMPILER_APPICON_NAME = AppIcon;
				CODE_SIGN_STYLE = Automatic;
				DEVELOPMENT_TEAM = MA98TM2CS8;
				INFOPLIST_FILE = Pipe/Info.plist;
				LD_RUNPATH_SEARCH_PATHS = "$(inherited) @executable_path/Frameworks";
				PRODUCT_BUNDLE_IDENTIFIER = com.shinsaup.Pipe;
				PRODUCT_NAME = "$(TARGET_NAME)";
				SWIFT_VERSION = 4.0;
				TARGETED_DEVICE_FAMILY = "1,2";
			};
			name = Debug;
		};
		AB72090E22F0030F00F2913D /* Release */ = {
			isa = XCBuildConfiguration;
			baseConfigurationReference = 838E971FE672AD7B691DB802 /* Pods-Pipe.release.xcconfig */;
			buildSettings = {
				ASSETCATALOG_COMPILER_APPICON_NAME = AppIcon;
				CODE_SIGN_STYLE = Automatic;
				DEVELOPMENT_TEAM = MA98TM2CS8;
				INFOPLIST_FILE = Pipe/Info.plist;
				LD_RUNPATH_SEARCH_PATHS = "$(inherited) @executable_path/Frameworks";
				PRODUCT_BUNDLE_IDENTIFIER = com.shinsaup.Pipe;
				PRODUCT_NAME = "$(TARGET_NAME)";
				SWIFT_VERSION = 4.0;
				TARGETED_DEVICE_FAMILY = "1,2";
			};
			name = Release;
		};
		AB72091022F0030F00F2913D /* Debug */ = {
			isa = XCBuildConfiguration;
			baseConfigurationReference = BA8AC051F714F265ABACBD1E /* Pods-PipeTests.debug.xcconfig */;
			buildSettings = {
				ALWAYS_EMBED_SWIFT_STANDARD_LIBRARIES = YES;
				BUNDLE_LOADER = "$(TEST_HOST)";
				CODE_SIGN_STYLE = Automatic;
				DEVELOPMENT_TEAM = MA98TM2CS8;
				INFOPLIST_FILE = PipeTests/Info.plist;
				LD_RUNPATH_SEARCH_PATHS = "$(inherited) @executable_path/Frameworks @loader_path/Frameworks";
				PRODUCT_BUNDLE_IDENTIFIER = com.shinsaup.PipeTests;
				PRODUCT_NAME = "$(TARGET_NAME)";
				SWIFT_VERSION = 4.0;
				TARGETED_DEVICE_FAMILY = "1,2";
				TEST_HOST = "$(BUILT_PRODUCTS_DIR)/Pipe.app/Pipe";
			};
			name = Debug;
		};
		AB72091122F0030F00F2913D /* Release */ = {
			isa = XCBuildConfiguration;
			baseConfigurationReference = 778258A91D901A545A9E999F /* Pods-PipeTests.release.xcconfig */;
			buildSettings = {
				ALWAYS_EMBED_SWIFT_STANDARD_LIBRARIES = YES;
				BUNDLE_LOADER = "$(TEST_HOST)";
				CODE_SIGN_STYLE = Automatic;
				DEVELOPMENT_TEAM = MA98TM2CS8;
				INFOPLIST_FILE = PipeTests/Info.plist;
				LD_RUNPATH_SEARCH_PATHS = "$(inherited) @executable_path/Frameworks @loader_path/Frameworks";
				PRODUCT_BUNDLE_IDENTIFIER = com.shinsaup.PipeTests;
				PRODUCT_NAME = "$(TARGET_NAME)";
				SWIFT_VERSION = 4.0;
				TARGETED_DEVICE_FAMILY = "1,2";
				TEST_HOST = "$(BUILT_PRODUCTS_DIR)/Pipe.app/Pipe";
			};
			name = Release;
		};
		AB72091322F0030F00F2913D /* Debug */ = {
			isa = XCBuildConfiguration;
			baseConfigurationReference = AAA5E5677A3890B4B643BE25 /* Pods-PipeUITests.debug.xcconfig */;
			buildSettings = {
				ALWAYS_EMBED_SWIFT_STANDARD_LIBRARIES = YES;
				CODE_SIGN_STYLE = Automatic;
				DEVELOPMENT_TEAM = MA98TM2CS8;
				INFOPLIST_FILE = PipeUITests/Info.plist;
				LD_RUNPATH_SEARCH_PATHS = "$(inherited) @executable_path/Frameworks @loader_path/Frameworks";
				PRODUCT_BUNDLE_IDENTIFIER = com.shinsaup.PipeUITests;
				PRODUCT_NAME = "$(TARGET_NAME)";
				SWIFT_VERSION = 4.0;
				TARGETED_DEVICE_FAMILY = "1,2";
				TEST_TARGET_NAME = Pipe;
			};
			name = Debug;
		};
		AB72091422F0030F00F2913D /* Release */ = {
			isa = XCBuildConfiguration;
			baseConfigurationReference = F8C58DB2DBEBDD37C305F526 /* Pods-PipeUITests.release.xcconfig */;
			buildSettings = {
				ALWAYS_EMBED_SWIFT_STANDARD_LIBRARIES = YES;
				CODE_SIGN_STYLE = Automatic;
				DEVELOPMENT_TEAM = MA98TM2CS8;
				INFOPLIST_FILE = PipeUITests/Info.plist;
				LD_RUNPATH_SEARCH_PATHS = "$(inherited) @executable_path/Frameworks @loader_path/Frameworks";
				PRODUCT_BUNDLE_IDENTIFIER = com.shinsaup.PipeUITests;
				PRODUCT_NAME = "$(TARGET_NAME)";
				SWIFT_VERSION = 4.0;
				TARGETED_DEVICE_FAMILY = "1,2";
				TEST_TARGET_NAME = Pipe;
			};
			name = Release;
		};
/* End XCBuildConfiguration section */

/* Begin XCConfigurationList section */
		AB7208DC22F0030F00F2913D /* Build configuration list for PBXProject "Pipe" */ = {
			isa = XCConfigurationList;
			buildConfigurations = (
				AB72090A22F0030F00F2913D /* Debug */,
				AB72090B22F0030F00F2913D /* Release */,
			);
			defaultConfigurationIsVisible = 0;
			defaultConfigurationName = Release;
		};
		AB72090C22F0030F00F2913D /* Build configuration list for PBXNativeTarget "Pipe" */ = {
			isa = XCConfigurationList;
			buildConfigurations = (
				AB72090D22F0030F00F2913D /* Debug */,
				AB72090E22F0030F00F2913D /* Release */,
			);
			defaultConfigurationIsVisible = 0;
			defaultConfigurationName = Release;
		};
		AB72090F22F0030F00F2913D /* Build configuration list for PBXNativeTarget "PipeTests" */ = {
			isa = XCConfigurationList;
			buildConfigurations = (
				AB72091022F0030F00F2913D /* Debug */,
				AB72091122F0030F00F2913D /* Release */,
			);
			defaultConfigurationIsVisible = 0;
			defaultConfigurationName = Release;
		};
		AB72091222F0030F00F2913D /* Build configuration list for PBXNativeTarget "PipeUITests" */ = {
			isa = XCConfigurationList;
			buildConfigurations = (
				AB72091322F0030F00F2913D /* Debug */,
				AB72091422F0030F00F2913D /* Release */,
			);
			defaultConfigurationIsVisible = 0;
			defaultConfigurationName = Release;
		};
/* End XCConfigurationList section */

/* Begin XCVersionGroup section */
		AB7208EB22F0030F00F2913D /* Pipe.xcdatamodeld */ = {
			isa = XCVersionGroup;
			children = (
				AB7208EC22F0030F00F2913D /* Pipe.xcdatamodel */,
			);
			currentVersion = AB7208EC22F0030F00F2913D /* Pipe.xcdatamodel */;
			path = Pipe.xcdatamodeld;
			sourceTree = "<group>";
			versionGroupType = wrapper.xcdatamodel;
		};
/* End XCVersionGroup section */
	};
	rootObject = AB7208D922F0030F00F2913D /* Project object */;
}
